// !$*UTF8*$!
{
	archiveVersion = 1;
	classes = {
	};
	objectVersion = 46;
	objects = {

/* Begin PBXBuildFile section */
		6BE1D1861D9904AD001B19E0 /* AppDelegate.swift in Sources */ = {isa = PBXBuildFile; fileRef = 6BE1D1851D9904AD001B19E0 /* AppDelegate.swift */; };
		6BE1D1881D9904AD001B19E0 /* ViewController.swift in Sources */ = {isa = PBXBuildFile; fileRef = 6BE1D1871D9904AD001B19E0 /* ViewController.swift */; };
		6BE1D18B1D9904AD001B19E0 /* Main.storyboard in Resources */ = {isa = PBXBuildFile; fileRef = 6BE1D1891D9904AD001B19E0 /* Main.storyboard */; };
		6BE1D18E1D9904AD001B19E0 /* TRUEST.xcdatamodeld in Sources */ = {isa = PBXBuildFile; fileRef = 6BE1D18C1D9904AD001B19E0 /* TRUEST.xcdatamodeld */; };
		6BE1D1901D9904AD001B19E0 /* Assets.xcassets in Resources */ = {isa = PBXBuildFile; fileRef = 6BE1D18F1D9904AD001B19E0 /* Assets.xcassets */; };
		6BE1D1931D9904AD001B19E0 /* LaunchScreen.storyboard in Resources */ = {isa = PBXBuildFile; fileRef = 6BE1D1911D9904AD001B19E0 /* LaunchScreen.storyboard */; };
/* End PBXBuildFile section */

/* Begin PBXFileReference section */
		6BE1D1821D9904AD001B19E0 /* TRUEST.app */ = {isa = PBXFileReference; explicitFileType = wrapper.application; includeInIndex = 0; path = TRUEST.app; sourceTree = BUILT_PRODUCTS_DIR; };
		6BE1D1851D9904AD001B19E0 /* AppDelegate.swift */ = {isa = PBXFileReference; lastKnownFileType = sourcecode.swift; path = AppDelegate.swift; sourceTree = "<group>"; };
		6BE1D1871D9904AD001B19E0 /* ViewController.swift */ = {isa = PBXFileReference; lastKnownFileType = sourcecode.swift; path = ViewController.swift; sourceTree = "<group>"; };
		6BE1D18A1D9904AD001B19E0 /* Base */ = {isa = PBXFileReference; lastKnownFileType = file.storyboard; name = Base; path = Base.lproj/Main.storyboard; sourceTree = "<group>"; };
		6BE1D18D1D9904AD001B19E0 /* TRUEST.xcdatamodel */ = {isa = PBXFileReference; lastKnownFileType = wrapper.xcdatamodel; path = TRUEST.xcdatamodel; sourceTree = "<group>"; };
		6BE1D18F1D9904AD001B19E0 /* Assets.xcassets */ = {isa = PBXFileReference; lastKnownFileType = folder.assetcatalog; path = Assets.xcassets; sourceTree = "<group>"; };
		6BE1D1921D9904AD001B19E0 /* Base */ = {isa = PBXFileReference; lastKnownFileType = file.storyboard; name = Base; path = Base.lproj/LaunchScreen.storyboard; sourceTree = "<group>"; };
		6BE1D1941D9904AD001B19E0 /* Info.plist */ = {isa = PBXFileReference; lastKnownFileType = text.plist.xml; path = Info.plist; sourceTree = "<group>"; };
/* End PBXFileReference section */

/* Begin PBXFrameworksBuildPhase section */
		6BE1D17F1D9904AD001B19E0 /* Frameworks */ = {
			isa = PBXFrameworksBuildPhase;
			buildActionMask = 2147483647;
			files = (
			);
			runOnlyForDeploymentPostprocessing = 0;
		};
/* End PBXFrameworksBuildPhase section */

/* Begin PBXGroup section */
		6BE1D1791D9904AD001B19E0 = {
			isa = PBXGroup;
			children = (
				6BE1D1841D9904AD001B19E0 /* TRUEST */,
				6BE1D1831D9904AD001B19E0 /* Products */,
			);
			sourceTree = "<group>";
		};
		6BE1D1831D9904AD001B19E0 /* Products */ = {
			isa = PBXGroup;
			children = (
				6BE1D1821D9904AD001B19E0 /* TRUEST.app */,
			);
			name = Products;
			sourceTree = "<group>";
		};
		6BE1D1841D9904AD001B19E0 /* TRUEST */ = {
			isa = PBXGroup;
			children = (
				6BE1D1851D9904AD001B19E0 /* AppDelegate.swift */,
				6BE1D1871D9904AD001B19E0 /* ViewController.swift */,
				6BE1D1891D9904AD001B19E0 /* Main.storyboard */,
				6BE1D18F1D9904AD001B19E0 /* Assets.xcassets */,
				6BE1D1911D9904AD001B19E0 /* LaunchScreen.storyboard */,
				6BE1D1941D9904AD001B19E0 /* Info.plist */,
				6BE1D18C1D9904AD001B19E0 /* TRUEST.xcdatamodeld */,
			);
			path = TRUEST;
			sourceTree = "<group>";
		};
/* End PBXGroup section */

/* Begin PBXNativeTarget section */
		6BE1D1811D9904AD001B19E0 /* TRUEST */ = {
			isa = PBXNativeTarget;
			buildConfigurationList = 6BE1D1971D9904AD001B19E0 /* Build configuration list for PBXNativeTarget "TRUEST" */;
			buildPhases = (
				6BE1D17E1D9904AD001B19E0 /* Sources */,
				6BE1D17F1D9904AD001B19E0 /* Frameworks */,
				6BE1D1801D9904AD001B19E0 /* Resources */,
			);
			buildRules = (
			);
			dependencies = (
			);
			name = TRUEST;
			productName = TRUEST;
			productReference = 6BE1D1821D9904AD001B19E0 /* TRUEST.app */;
			productType = "com.apple.product-type.application";
		};
/* End PBXNativeTarget section */

/* Begin PBXProject section */
		6BE1D17A1D9904AD001B19E0 /* Project object */ = {
			isa = PBXProject;
			attributes = {
				LastSwiftUpdateCheck = 0730;
				LastUpgradeCheck = 0730;
				ORGANIZATIONNAME = MichaelRevlis;
				TargetAttributes = {
					6BE1D1811D9904AD001B19E0 = {
						CreatedOnToolsVersion = 7.3.1;
					};
				};
			};
			buildConfigurationList = 6BE1D17D1D9904AD001B19E0 /* Build configuration list for PBXProject "TRUEST" */;
			compatibilityVersion = "Xcode 3.2";
			developmentRegion = English;
			hasScannedForEncodings = 0;
			knownRegions = (
				en,
				Base,
			);
			mainGroup = 6BE1D1791D9904AD001B19E0;
			productRefGroup = 6BE1D1831D9904AD001B19E0 /* Products */;
			projectDirPath = "";
			projectRoot = "";
			targets = (
				6BE1D1811D9904AD001B19E0 /* TRUEST */,
			);
		};
/* End PBXProject section */

/* Begin PBXResourcesBuildPhase section */
		6BE1D1801D9904AD001B19E0 /* Resources */ = {
			isa = PBXResourcesBuildPhase;
			buildActionMask = 2147483647;
			files = (
				6BE1D1931D9904AD001B19E0 /* LaunchScreen.storyboard in Resources */,
				6BE1D1901D9904AD001B19E0 /* Assets.xcassets in Resources */,
				6BE1D18B1D9904AD001B19E0 /* Main.storyboard in Resources */,
			);
			runOnlyForDeploymentPostprocessing = 0;
		};
/* End PBXResourcesBuildPhase section */

/* Begin PBXSourcesBuildPhase section */
		6BE1D17E1D9904AD001B19E0 /* Sources */ = {
			isa = PBXSourcesBuildPhase;
			buildActionMask = 2147483647;
			files = (
				6BE1D18E1D9904AD001B19E0 /* TRUEST.xcdatamodeld in Sources */,
				6BE1D1881D9904AD001B19E0 /* ViewController.swift in Sources */,
				6BE1D1861D9904AD001B19E0 /* AppDelegate.swift in Sources */,
			);
			runOnlyForDeploymentPostprocessing = 0;
		};
/* End PBXSourcesBuildPhase section */

/* Begin PBXVariantGroup section */
		6BE1D1891D9904AD001B19E0 /* Main.storyboard */ = {
			isa = PBXVariantGroup;
			children = (
				6BE1D18A1D9904AD001B19E0 /* Base */,
			);
			name = Main.storyboard;
			sourceTree = "<group>";
		};
		6BE1D1911D9904AD001B19E0 /* LaunchScreen.storyboard */ = {
			isa = PBXVariantGroup;
			children = (
				6BE1D1921D9904AD001B19E0 /* Base */,
			);
			name = LaunchScreen.storyboard;
			sourceTree = "<group>";
		};
/* End PBXVariantGroup section */

/* Begin XCBuildConfiguration section */
		6BE1D1951D9904AD001B19E0 /* Debug */ = {
			isa = XCBuildConfiguration;
			buildSettings = {
				ALWAYS_SEARCH_USER_PATHS = NO;
				CLANG_ANALYZER_NONNULL = YES;
				CLANG_CXX_LANGUAGE_STANDARD = "gnu++0x";
				CLANG_CXX_LIBRARY = "libc++";
				CLANG_ENABLE_MODULES = YES;
				CLANG_ENABLE_OBJC_ARC = YES;
				CLANG_WARN_BOOL_CONVERSION = YES;
				CLANG_WARN_CONSTANT_CONVERSION = YES;
				CLANG_WARN_DIRECT_OBJC_ISA_USAGE = YES_ERROR;
				CLANG_WARN_EMPTY_BODY = YES;
				CLANG_WARN_ENUM_CONVERSION = YES;
				CLANG_WARN_INT_CONVERSION = YES;
				CLANG_WARN_OBJC_ROOT_CLASS = YES_ERROR;
				CLANG_WARN_UNREACHABLE_CODE = YES;
				CLANG_WARN__DUPLICATE_METHOD_MATCH = YES;
				"CODE_SIGN_IDENTITY[sdk=iphoneos*]" = "iPhone Developer";
				COPY_PHASE_STRIP = NO;
				DEBUG_INFORMATION_FORMAT = dwarf;
				ENABLE_STRICT_OBJC_MSGSEND = YES;
				ENABLE_TESTABILITY = YES;
				GCC_C_LANGUAGE_STANDARD = gnu99;
				GCC_DYNAMIC_NO_PIC = NO;
				GCC_NO_COMMON_BLOCKS = YES;
				GCC_OPTIMIZATION_LEVEL = 0;
				GCC_PREPROCESSOR_DEFINITIONS = (
					"DEBUG=1",
					"$(inherited)",
				);
				GCC_WARN_64_TO_32_BIT_CONVERSION = YES;
				GCC_WARN_ABOUT_RETURN_TYPE = YES_ERROR;
				GCC_WARN_UNDECLARED_SELECTOR = YES;
				GCC_WARN_UNINITIALIZED_AUTOS = YES_AGGRESSIVE;
				GCC_WARN_UNUSED_FUNCTION = YES;
				GCC_WARN_UNUSED_VARIABLE = YES;
				IPHONEOS_DEPLOYMENT_TARGET = 9.3;
				MTL_ENABLE_DEBUG_INFO = YES;
				ONLY_ACTIVE_ARCH = YES;
				SDKROOT = iphoneos;
				SWIFT_OPTIMIZATION_LEVEL = "-Onone";
				TARGETED_DEVICE_FAMILY = "1,2";
			};
			name = Debug;
		};
		6BE1D1961D9904AD001B19E0 /* Release */ = {
			isa = XCBuildConfiguration;
			buildSettings = {
				ALWAYS_SEARCH_USER_PATHS = NO;
				CLANG_ANALYZER_NONNULL = YES;
				CLANG_CXX_LANGUAGE_STANDARD = "gnu++0x";
				CLANG_CXX_LIBRARY = "libc++";
				CLANG_ENABLE_MODULES = YES;
				CLANG_ENABLE_OBJC_ARC = YES;
				CLANG_WARN_BOOL_CONVERSION = YES;
				CLANG_WARN_CONSTANT_CONVERSION = YES;
				CLANG_WARN_DIRECT_OBJC_ISA_USAGE = YES_ERROR;
				CLANG_WARN_EMPTY_BODY = YES;
				CLANG_WARN_ENUM_CONVERSION = YES;
				CLANG_WARN_INT_CONVERSION = YES;
				CLANG_WARN_OBJC_ROOT_CLASS = YES_ERROR;
				CLANG_WARN_UNREACHABLE_CODE = YES;
				CLANG_WARN__DUPLICATE_METHOD_MATCH = YES;
				"CODE_SIGN_IDENTITY[sdk=iphoneos*]" = "iPhone Developer";
				COPY_PHASE_STRIP = NO;
				DEBUG_INFORMATION_FORMAT = "dwarf-with-dsym";
				ENABLE_NS_ASSERTIONS = NO;
				ENABLE_STRICT_OBJC_MSGSEND = YES;
				GCC_C_LANGUAGE_STANDARD = gnu99;
				GCC_NO_COMMON_BLOCKS = YES;
				GCC_WARN_64_TO_32_BIT_CONVERSION = YES;
				GCC_WARN_ABOUT_RETURN_TYPE = YES_ERROR;
				GCC_WARN_UNDECLARED_SELECTOR = YES;
				GCC_WARN_UNINITIALIZED_AUTOS = YES_AGGRESSIVE;
				GCC_WARN_UNUSED_FUNCTION = YES;
				GCC_WARN_UNUSED_VARIABLE = YES;
				IPHONEOS_DEPLOYMENT_TARGET = 9.3;
				MTL_ENABLE_DEBUG_INFO = NO;
				SDKROOT = iphoneos;
				TARGETED_DEVICE_FAMILY = "1,2";
				VALIDATE_PRODUCT = YES;
			};
			name = Release;
		};
		6BE1D1981D9904AD001B19E0 /* Debug */ = {
			isa = XCBuildConfiguration;
			buildSettings = {
				ASSETCATALOG_COMPILER_APPICON_NAME = AppIcon;
				INFOPLIST_FILE = TRUEST/Info.plist;
				LD_RUNPATH_SEARCH_PATHS = "$(inherited) @executable_path/Frameworks";
				PRODUCT_BUNDLE_IDENTIFIER = appworksschool.prelecture.demo.TRUEST;
				PRODUCT_NAME = "$(TARGET_NAME)";
			};
			name = Debug;
		};
		6BE1D1991D9904AD001B19E0 /* Release */ = {
			isa = XCBuildConfiguration;
			buildSettings = {
				ASSETCATALOG_COMPILER_APPICON_NAME = AppIcon;
				INFOPLIST_FILE = TRUEST/Info.plist;
				LD_RUNPATH_SEARCH_PATHS = "$(inherited) @executable_path/Frameworks";
				PRODUCT_BUNDLE_IDENTIFIER = appworksschool.prelecture.demo.TRUEST;
				PRODUCT_NAME = "$(TARGET_NAME)";
			};
			name = Release;
		};
/* End XCBuildConfiguration section */

/* Begin XCConfigurationList section */
		6BE1D17D1D9904AD001B19E0 /* Build configuration list for PBXProject "TRUEST" */ = {
			isa = XCConfigurationList;
			buildConfigurations = (
				6BE1D1951D9904AD001B19E0 /* Debug */,
				6BE1D1961D9904AD001B19E0 /* Release */,
			);
			defaultConfigurationIsVisible = 0;
			defaultConfigurationName = Release;
		};
		6BE1D1971D9904AD001B19E0 /* Build configuration list for PBXNativeTarget "TRUEST" */ = {
			isa = XCConfigurationList;
			buildConfigurations = (
				6BE1D1981D9904AD001B19E0 /* Debug */,
				6BE1D1991D9904AD001B19E0 /* Release */,
			);
			defaultConfigurationIsVisible = 0;
		};
/* End XCConfigurationList section */

/* Begin XCVersionGroup section */
		6BE1D18C1D9904AD001B19E0 /* TRUEST.xcdatamodeld */ = {
			isa = XCVersionGroup;
			children = (
				6BE1D18D1D9904AD001B19E0 /* TRUEST.xcdatamodel */,
			);
			currentVersion = 6BE1D18D1D9904AD001B19E0 /* TRUEST.xcdatamodel */;
			path = TRUEST.xcdatamodeld;
			sourceTree = "<group>";
			versionGroupType = wrapper.xcdatamodel;
		};
/* End XCVersionGroup section */
	};
	rootObject = 6BE1D17A1D9904AD001B19E0 /* Project object */;
}
