// !$*UTF8*$!
{
	archiveVersion = 1;
	classes = {
	};
	objectVersion = 46;
	objects = {

/* Begin PBXBuildFile section */
		6B0468AA1D9E36FB00AD3005 /* GoogleService-Info.plist in Resources */ = {isa = PBXBuildFile; fileRef = 6B0468A91D9E36FB00AD3005 /* GoogleService-Info.plist */; };
		6B0468AC1D9E3C0200AD3005 /* UIColors.swift in Sources */ = {isa = PBXBuildFile; fileRef = 6B0468AB1D9E3C0200AD3005 /* UIColors.swift */; };
		6B1AF30A1DA238A5004B706A /* Manager.swift in Sources */ = {isa = PBXBuildFile; fileRef = 6B1AF3091DA238A5004B706A /* Manager.swift */; };
		6B334A3A1DA3A47300FF47D6 /* FBSDKCoreKit.framework in Frameworks */ = {isa = PBXBuildFile; fileRef = 6B334A371DA3A47300FF47D6 /* FBSDKCoreKit.framework */; };
		6B334A3B1DA3A47300FF47D6 /* FBSDKLoginKit.framework in Frameworks */ = {isa = PBXBuildFile; fileRef = 6B334A381DA3A47300FF47D6 /* FBSDKLoginKit.framework */; };
		6B334A3C1DA3A47300FF47D6 /* FBSDKShareKit.framework in Frameworks */ = {isa = PBXBuildFile; fileRef = 6B334A391DA3A47300FF47D6 /* FBSDKShareKit.framework */; };
		6B334A411DA3BABD00FF47D6 /* Postcard+CoreDataProperties.swift in Sources */ = {isa = PBXBuildFile; fileRef = 6B334A3D1DA3BABD00FF47D6 /* Postcard+CoreDataProperties.swift */; };
		6B334A421DA3BABD00FF47D6 /* Postcard.swift in Sources */ = {isa = PBXBuildFile; fileRef = 6B334A3E1DA3BABD00FF47D6 /* Postcard.swift */; };
		6B334A431DA3BABD00FF47D6 /* FBUser+CoreDataProperties.swift in Sources */ = {isa = PBXBuildFile; fileRef = 6B334A3F1DA3BABD00FF47D6 /* FBUser+CoreDataProperties.swift */; };
		6B334A441DA3BABD00FF47D6 /* FBUser.swift in Sources */ = {isa = PBXBuildFile; fileRef = 6B334A401DA3BABD00FF47D6 /* FBUser.swift */; };
		6B334A461DA4D74F00FF47D6 /* DrawerViewController.swift in Sources */ = {isa = PBXBuildFile; fileRef = 6B334A451DA4D74F00FF47D6 /* DrawerViewController.swift */; };
		6B334A481DA4DF6400FF47D6 /* DrawerTableViewCell.swift in Sources */ = {isa = PBXBuildFile; fileRef = 6B334A471DA4DF6400FF47D6 /* DrawerTableViewCell.swift */; };
		6B81D2B41D9FEDE500D42BA8 /* AddBondViewController.swift in Sources */ = {isa = PBXBuildFile; fileRef = 6B81D2B31D9FEDE500D42BA8 /* AddBondViewController.swift */; };
		6B94BBEB1DAD47C5004365F4 /* MailboxTableViewCell.swift in Sources */ = {isa = PBXBuildFile; fileRef = 6B94BBEA1DAD47C5004365F4 /* MailboxTableViewCell.swift */; };
		6BE1D1861D9904AD001B19E0 /* AppDelegate.swift in Sources */ = {isa = PBXBuildFile; fileRef = 6BE1D1851D9904AD001B19E0 /* AppDelegate.swift */; };
		6BE1D1881D9904AD001B19E0 /* LoginViewController.swift in Sources */ = {isa = PBXBuildFile; fileRef = 6BE1D1871D9904AD001B19E0 /* LoginViewController.swift */; };
		6BE1D18B1D9904AD001B19E0 /* Main.storyboard in Resources */ = {isa = PBXBuildFile; fileRef = 6BE1D1891D9904AD001B19E0 /* Main.storyboard */; };
		6BE1D18E1D9904AD001B19E0 /* TRUEST.xcdatamodeld in Sources */ = {isa = PBXBuildFile; fileRef = 6BE1D18C1D9904AD001B19E0 /* TRUEST.xcdatamodeld */; };
		6BE1D1901D9904AD001B19E0 /* Assets.xcassets in Resources */ = {isa = PBXBuildFile; fileRef = 6BE1D18F1D9904AD001B19E0 /* Assets.xcassets */; };
		6BE1D1931D9904AD001B19E0 /* LaunchScreen.storyboard in Resources */ = {isa = PBXBuildFile; fileRef = 6BE1D1911D9904AD001B19E0 /* LaunchScreen.storyboard */; };
		6BE312C31DA6075B0089BCB6 /* DeliverConditionViewController.swift in Sources */ = {isa = PBXBuildFile; fileRef = 6BE312C21DA6075B0089BCB6 /* DeliverConditionViewController.swift */; };
		E93D9D8AF76F8BABD253199D /* Pods_TRUEST.framework in Frameworks */ = {isa = PBXBuildFile; fileRef = FE04F18B4771DEA2D0ACDB55 /* Pods_TRUEST.framework */; };
/* End PBXBuildFile section */

/* Begin PBXFileReference section */
		5DAC296C625582959AC9C180 /* Pods-TRUEST.debug.xcconfig */ = {isa = PBXFileReference; includeInIndex = 1; lastKnownFileType = text.xcconfig; name = "Pods-TRUEST.debug.xcconfig"; path = "Pods/Target Support Files/Pods-TRUEST/Pods-TRUEST.debug.xcconfig"; sourceTree = "<group>"; };
		6B0468A91D9E36FB00AD3005 /* GoogleService-Info.plist */ = {isa = PBXFileReference; fileEncoding = 4; lastKnownFileType = text.plist.xml; name = "GoogleService-Info.plist"; path = "../GoogleService-Info.plist"; sourceTree = "<group>"; };
		6B0468AB1D9E3C0200AD3005 /* UIColors.swift */ = {isa = PBXFileReference; fileEncoding = 4; lastKnownFileType = sourcecode.swift; path = UIColors.swift; sourceTree = "<group>"; };
		6B1AF3091DA238A5004B706A /* Manager.swift */ = {isa = PBXFileReference; fileEncoding = 4; lastKnownFileType = sourcecode.swift; path = Manager.swift; sourceTree = "<group>"; };
		6B334A371DA3A47300FF47D6 /* FBSDKCoreKit.framework */ = {isa = PBXFileReference; lastKnownFileType = wrapper.framework; name = FBSDKCoreKit.framework; path = ../../../FacebookSDK/FBSDKCoreKit.framework; sourceTree = "<group>"; };
		6B334A381DA3A47300FF47D6 /* FBSDKLoginKit.framework */ = {isa = PBXFileReference; lastKnownFileType = wrapper.framework; name = FBSDKLoginKit.framework; path = ../../../FacebookSDK/FBSDKLoginKit.framework; sourceTree = "<group>"; };
		6B334A391DA3A47300FF47D6 /* FBSDKShareKit.framework */ = {isa = PBXFileReference; lastKnownFileType = wrapper.framework; name = FBSDKShareKit.framework; path = ../../../FacebookSDK/FBSDKShareKit.framework; sourceTree = "<group>"; };
		6B334A3D1DA3BABD00FF47D6 /* Postcard+CoreDataProperties.swift */ = {isa = PBXFileReference; fileEncoding = 4; lastKnownFileType = sourcecode.swift; path = "Postcard+CoreDataProperties.swift"; sourceTree = "<group>"; };
		6B334A3E1DA3BABD00FF47D6 /* Postcard.swift */ = {isa = PBXFileReference; fileEncoding = 4; lastKnownFileType = sourcecode.swift; path = Postcard.swift; sourceTree = "<group>"; };
		6B334A3F1DA3BABD00FF47D6 /* FBUser+CoreDataProperties.swift */ = {isa = PBXFileReference; fileEncoding = 4; lastKnownFileType = sourcecode.swift; path = "FBUser+CoreDataProperties.swift"; sourceTree = "<group>"; };
		6B334A401DA3BABD00FF47D6 /* FBUser.swift */ = {isa = PBXFileReference; fileEncoding = 4; lastKnownFileType = sourcecode.swift; path = FBUser.swift; sourceTree = "<group>"; };
		6B334A451DA4D74F00FF47D6 /* DrawerViewController.swift */ = {isa = PBXFileReference; fileEncoding = 4; lastKnownFileType = sourcecode.swift; path = DrawerViewController.swift; sourceTree = "<group>"; };
		6B334A471DA4DF6400FF47D6 /* DrawerTableViewCell.swift */ = {isa = PBXFileReference; fileEncoding = 4; lastKnownFileType = sourcecode.swift; path = DrawerTableViewCell.swift; sourceTree = "<group>"; };
		6B81D2B31D9FEDE500D42BA8 /* AddBondViewController.swift */ = {isa = PBXFileReference; fileEncoding = 4; lastKnownFileType = sourcecode.swift; path = AddBondViewController.swift; sourceTree = "<group>"; };
		6B94BBEA1DAD47C5004365F4 /* MailboxTableViewCell.swift */ = {isa = PBXFileReference; fileEncoding = 4; lastKnownFileType = sourcecode.swift; path = MailboxTableViewCell.swift; sourceTree = "<group>"; };
		6BE1D1821D9904AD001B19E0 /* TRUEST.app */ = {isa = PBXFileReference; explicitFileType = wrapper.application; includeInIndex = 0; path = TRUEST.app; sourceTree = BUILT_PRODUCTS_DIR; };
		6BE1D1851D9904AD001B19E0 /* AppDelegate.swift */ = {isa = PBXFileReference; lastKnownFileType = sourcecode.swift; path = AppDelegate.swift; sourceTree = "<group>"; };
		6BE1D1871D9904AD001B19E0 /* LoginViewController.swift */ = {isa = PBXFileReference; lastKnownFileType = sourcecode.swift; path = LoginViewController.swift; sourceTree = "<group>"; };
		6BE1D18A1D9904AD001B19E0 /* Base */ = {isa = PBXFileReference; lastKnownFileType = file.storyboard; name = Base; path = Base.lproj/Main.storyboard; sourceTree = "<group>"; };
		6BE1D18D1D9904AD001B19E0 /* TRUEST.xcdatamodel */ = {isa = PBXFileReference; lastKnownFileType = wrapper.xcdatamodel; path = TRUEST.xcdatamodel; sourceTree = "<group>"; };
		6BE1D18F1D9904AD001B19E0 /* Assets.xcassets */ = {isa = PBXFileReference; lastKnownFileType = folder.assetcatalog; path = Assets.xcassets; sourceTree = "<group>"; };
		6BE1D1921D9904AD001B19E0 /* Base */ = {isa = PBXFileReference; lastKnownFileType = file.storyboard; name = Base; path = Base.lproj/LaunchScreen.storyboard; sourceTree = "<group>"; };
		6BE1D1941D9904AD001B19E0 /* Info.plist */ = {isa = PBXFileReference; lastKnownFileType = text.plist.xml; path = Info.plist; sourceTree = "<group>"; };
		6BE312C21DA6075B0089BCB6 /* DeliverConditionViewController.swift */ = {isa = PBXFileReference; fileEncoding = 4; lastKnownFileType = sourcecode.swift; path = DeliverConditionViewController.swift; sourceTree = "<group>"; };
		CF29872BA91A898FE8E06FB7 /* Pods-TRUEST.release.xcconfig */ = {isa = PBXFileReference; includeInIndex = 1; lastKnownFileType = text.xcconfig; name = "Pods-TRUEST.release.xcconfig"; path = "Pods/Target Support Files/Pods-TRUEST/Pods-TRUEST.release.xcconfig"; sourceTree = "<group>"; };
		FE04F18B4771DEA2D0ACDB55 /* Pods_TRUEST.framework */ = {isa = PBXFileReference; explicitFileType = wrapper.framework; includeInIndex = 0; path = Pods_TRUEST.framework; sourceTree = BUILT_PRODUCTS_DIR; };
/* End PBXFileReference section */

/* Begin PBXFrameworksBuildPhase section */
		6BE1D17F1D9904AD001B19E0 /* Frameworks */ = {
			isa = PBXFrameworksBuildPhase;
			buildActionMask = 2147483647;
			files = (
				6B334A3C1DA3A47300FF47D6 /* FBSDKShareKit.framework in Frameworks */,
				E93D9D8AF76F8BABD253199D /* Pods_TRUEST.framework in Frameworks */,
				6B334A3A1DA3A47300FF47D6 /* FBSDKCoreKit.framework in Frameworks */,
				6B334A3B1DA3A47300FF47D6 /* FBSDKLoginKit.framework in Frameworks */,
			);
			runOnlyForDeploymentPostprocessing = 0;
		};
/* End PBXFrameworksBuildPhase section */

/* Begin PBXGroup section */
		61E20E94D95A6BF59819FE45 /* Frameworks */ = {
			isa = PBXGroup;
			children = (
				6B334A371DA3A47300FF47D6 /* FBSDKCoreKit.framework */,
				6B334A381DA3A47300FF47D6 /* FBSDKLoginKit.framework */,
				6B334A391DA3A47300FF47D6 /* FBSDKShareKit.framework */,
				FE04F18B4771DEA2D0ACDB55 /* Pods_TRUEST.framework */,
			);
			name = Frameworks;
			sourceTree = "<group>";
		};
		6B81D2B21D9FE6DA00D42BA8 /* supporting */ = {
			isa = PBXGroup;
			children = (
				6BE1D18F1D9904AD001B19E0 /* Assets.xcassets */,
				6BE1D1911D9904AD001B19E0 /* LaunchScreen.storyboard */,
				6BE1D1941D9904AD001B19E0 /* Info.plist */,
				6BE1D18C1D9904AD001B19E0 /* TRUEST.xcdatamodeld */,
				6B334A3D1DA3BABD00FF47D6 /* Postcard+CoreDataProperties.swift */,
				6B334A3E1DA3BABD00FF47D6 /* Postcard.swift */,
				6B334A3F1DA3BABD00FF47D6 /* FBUser+CoreDataProperties.swift */,
				6B334A401DA3BABD00FF47D6 /* FBUser.swift */,
			);
			name = supporting;
			sourceTree = "<group>";
		};
		6BE1D1791D9904AD001B19E0 = {
			isa = PBXGroup;
			children = (
				6BE1D1841D9904AD001B19E0 /* TRUEST */,
				6BE1D1831D9904AD001B19E0 /* Products */,
				FAB0215C8D43D932AA770B7A /* Pods */,
				61E20E94D95A6BF59819FE45 /* Frameworks */,
			);
			sourceTree = "<group>";
		};
		6BE1D1831D9904AD001B19E0 /* Products */ = {
			isa = PBXGroup;
			children = (
				6BE1D1821D9904AD001B19E0 /* TRUEST.app */,
			);
			name = Products;
			sourceTree = "<group>";
		};
		6BE1D1841D9904AD001B19E0 /* TRUEST */ = {
			isa = PBXGroup;
			children = (
				6B0468A91D9E36FB00AD3005 /* GoogleService-Info.plist */,
				6B81D2B21D9FE6DA00D42BA8 /* supporting */,
				6BE1D1851D9904AD001B19E0 /* AppDelegate.swift */,
				6BE1D1871D9904AD001B19E0 /* LoginViewController.swift */,
				6BE312C21DA6075B0089BCB6 /* DeliverConditionViewController.swift */,
				6BE1D1891D9904AD001B19E0 /* Main.storyboard */,
				6B334A471DA4DF6400FF47D6 /* DrawerTableViewCell.swift */,
				6B94BBEA1DAD47C5004365F4 /* MailboxTableViewCell.swift */,
				6B334A451DA4D74F00FF47D6 /* DrawerViewController.swift */,
				6B81D2B31D9FEDE500D42BA8 /* AddBondViewController.swift */,
				6B1AF3091DA238A5004B706A /* Manager.swift */,
				6B0468AB1D9E3C0200AD3005 /* UIColors.swift */,
			);
			path = TRUEST;
			sourceTree = "<group>";
		};
		FAB0215C8D43D932AA770B7A /* Pods */ = {
			isa = PBXGroup;
			children = (
				5DAC296C625582959AC9C180 /* Pods-TRUEST.debug.xcconfig */,
				CF29872BA91A898FE8E06FB7 /* Pods-TRUEST.release.xcconfig */,
			);
			name = Pods;
			sourceTree = "<group>";
		};
/* End PBXGroup section */

/* Begin PBXNativeTarget section */
		6BE1D1811D9904AD001B19E0 /* TRUEST */ = {
			isa = PBXNativeTarget;
			buildConfigurationList = 6BE1D1971D9904AD001B19E0 /* Build configuration list for PBXNativeTarget "TRUEST" */;
			buildPhases = (
				75E6EC0A88572C3C4C107155 /* [CP] Check Pods Manifest.lock */,
				6BE1D17E1D9904AD001B19E0 /* Sources */,
				6BE1D17F1D9904AD001B19E0 /* Frameworks */,
				6BE1D1801D9904AD001B19E0 /* Resources */,
				E8CDEE6436D4B272BF57ED45 /* [CP] Embed Pods Frameworks */,
				2DD2AA44380FB37A35401809 /* [CP] Copy Pods Resources */,
			);
			buildRules = (
			);
			dependencies = (
			);
			name = TRUEST;
			productName = TRUEST;
			productReference = 6BE1D1821D9904AD001B19E0 /* TRUEST.app */;
			productType = "com.apple.product-type.application";
		};
/* End PBXNativeTarget section */

/* Begin PBXProject section */
		6BE1D17A1D9904AD001B19E0 /* Project object */ = {
			isa = PBXProject;
			attributes = {
				LastSwiftUpdateCheck = 0730;
				LastUpgradeCheck = 0730;
				ORGANIZATIONNAME = MichaelRevlis;
				TargetAttributes = {
					6BE1D1811D9904AD001B19E0 = {
						CreatedOnToolsVersion = 7.3.1;
						DevelopmentTeam = R2SHQR6494;
					};
				};
			};
			buildConfigurationList = 6BE1D17D1D9904AD001B19E0 /* Build configuration list for PBXProject "TRUEST" */;
			compatibilityVersion = "Xcode 3.2";
			developmentRegion = English;
			hasScannedForEncodings = 0;
			knownRegions = (
				en,
				Base,
			);
			mainGroup = 6BE1D1791D9904AD001B19E0;
			productRefGroup = 6BE1D1831D9904AD001B19E0 /* Products */;
			projectDirPath = "";
			projectRoot = "";
			targets = (
				6BE1D1811D9904AD001B19E0 /* TRUEST */,
			);
		};
/* End PBXProject section */

/* Begin PBXResourcesBuildPhase section */
		6BE1D1801D9904AD001B19E0 /* Resources */ = {
			isa = PBXResourcesBuildPhase;
			buildActionMask = 2147483647;
			files = (
				6BE1D1931D9904AD001B19E0 /* LaunchScreen.storyboard in Resources */,
				6B0468AA1D9E36FB00AD3005 /* GoogleService-Info.plist in Resources */,
				6BE1D1901D9904AD001B19E0 /* Assets.xcassets in Resources */,
				6BE1D18B1D9904AD001B19E0 /* Main.storyboard in Resources */,
			);
			runOnlyForDeploymentPostprocessing = 0;
		};
/* End PBXResourcesBuildPhase section */

/* Begin PBXShellScriptBuildPhase section */
		2DD2AA44380FB37A35401809 /* [CP] Copy Pods Resources */ = {
			isa = PBXShellScriptBuildPhase;
			buildActionMask = 2147483647;
			files = (
			);
			inputPaths = (
			);
			name = "[CP] Copy Pods Resources";
			outputPaths = (
			);
			runOnlyForDeploymentPostprocessing = 0;
			shellPath = /bin/sh;
			shellScript = "\"${SRCROOT}/Pods/Target Support Files/Pods-TRUEST/Pods-TRUEST-resources.sh\"\n";
			showEnvVarsInLog = 0;
		};
		75E6EC0A88572C3C4C107155 /* [CP] Check Pods Manifest.lock */ = {
			isa = PBXShellScriptBuildPhase;
			buildActionMask = 2147483647;
			files = (
			);
			inputPaths = (
			);
			name = "[CP] Check Pods Manifest.lock";
			outputPaths = (
			);
			runOnlyForDeploymentPostprocessing = 0;
			shellPath = /bin/sh;
			shellScript = "diff \"${PODS_ROOT}/../Podfile.lock\" \"${PODS_ROOT}/Manifest.lock\" > /dev/null\nif [[ $? != 0 ]] ; then\n    cat << EOM\nerror: The sandbox is not in sync with the Podfile.lock. Run 'pod install' or update your CocoaPods installation.\nEOM\n    exit 1\nfi\n";
			showEnvVarsInLog = 0;
		};
		E8CDEE6436D4B272BF57ED45 /* [CP] Embed Pods Frameworks */ = {
			isa = PBXShellScriptBuildPhase;
			buildActionMask = 2147483647;
			files = (
			);
			inputPaths = (
			);
			name = "[CP] Embed Pods Frameworks";
			outputPaths = (
			);
			runOnlyForDeploymentPostprocessing = 0;
			shellPath = /bin/sh;
			shellScript = "\"${SRCROOT}/Pods/Target Support Files/Pods-TRUEST/Pods-TRUEST-frameworks.sh\"\n";
			showEnvVarsInLog = 0;
		};
/* End PBXShellScriptBuildPhase section */

/* Begin PBXSourcesBuildPhase section */
		6BE1D17E1D9904AD001B19E0 /* Sources */ = {
			isa = PBXSourcesBuildPhase;
			buildActionMask = 2147483647;
			files = (
				6BE1D18E1D9904AD001B19E0 /* TRUEST.xcdatamodeld in Sources */,
				6B334A421DA3BABD00FF47D6 /* Postcard.swift in Sources */,
				6B1AF30A1DA238A5004B706A /* Manager.swift in Sources */,
				6B81D2B41D9FEDE500D42BA8 /* AddBondViewController.swift in Sources */,
				6B0468AC1D9E3C0200AD3005 /* UIColors.swift in Sources */,
				6BE312C31DA6075B0089BCB6 /* DeliverConditionViewController.swift in Sources */,
				6B94BBEB1DAD47C5004365F4 /* MailboxTableViewCell.swift in Sources */,
				6B334A461DA4D74F00FF47D6 /* DrawerViewController.swift in Sources */,
				6BE1D1881D9904AD001B19E0 /* LoginViewController.swift in Sources */,
				6B334A441DA3BABD00FF47D6 /* FBUser.swift in Sources */,
				6B334A411DA3BABD00FF47D6 /* Postcard+CoreDataProperties.swift in Sources */,
				6B334A431DA3BABD00FF47D6 /* FBUser+CoreDataProperties.swift in Sources */,
				6BE1D1861D9904AD001B19E0 /* AppDelegate.swift in Sources */,
				6B334A481DA4DF6400FF47D6 /* DrawerTableViewCell.swift in Sources */,
			);
			runOnlyForDeploymentPostprocessing = 0;
		};
/* End PBXSourcesBuildPhase section */

/* Begin PBXVariantGroup section */
		6BE1D1891D9904AD001B19E0 /* Main.storyboard */ = {
			isa = PBXVariantGroup;
			children = (
				6BE1D18A1D9904AD001B19E0 /* Base */,
			);
			name = Main.storyboard;
			sourceTree = "<group>";
		};
		6BE1D1911D9904AD001B19E0 /* LaunchScreen.storyboard */ = {
			isa = PBXVariantGroup;
			children = (
				6BE1D1921D9904AD001B19E0 /* Base */,
			);
			name = LaunchScreen.storyboard;
			sourceTree = "<group>";
		};
/* End PBXVariantGroup section */

/* Begin XCBuildConfiguration section */
		6BE1D1951D9904AD001B19E0 /* Debug */ = {
			isa = XCBuildConfiguration;
			buildSettings = {
				ALWAYS_SEARCH_USER_PATHS = NO;
				CLANG_ANALYZER_NONNULL = YES;
				CLANG_CXX_LANGUAGE_STANDARD = "gnu++0x";
				CLANG_CXX_LIBRARY = "libc++";
				CLANG_ENABLE_MODULES = YES;
				CLANG_ENABLE_OBJC_ARC = YES;
				CLANG_WARN_BOOL_CONVERSION = YES;
				CLANG_WARN_CONSTANT_CONVERSION = YES;
				CLANG_WARN_DIRECT_OBJC_ISA_USAGE = YES_ERROR;
				CLANG_WARN_EMPTY_BODY = YES;
				CLANG_WARN_ENUM_CONVERSION = YES;
				CLANG_WARN_INT_CONVERSION = YES;
				CLANG_WARN_OBJC_ROOT_CLASS = YES_ERROR;
				CLANG_WARN_UNREACHABLE_CODE = YES;
				CLANG_WARN__DUPLICATE_METHOD_MATCH = YES;
				"CODE_SIGN_IDENTITY[sdk=iphoneos*]" = "iPhone Developer";
				COPY_PHASE_STRIP = NO;
				DEBUG_INFORMATION_FORMAT = dwarf;
				ENABLE_STRICT_OBJC_MSGSEND = YES;
				ENABLE_TESTABILITY = YES;
				GCC_C_LANGUAGE_STANDARD = gnu99;
				GCC_DYNAMIC_NO_PIC = NO;
				GCC_NO_COMMON_BLOCKS = YES;
				GCC_OPTIMIZATION_LEVEL = 0;
				GCC_PREPROCESSOR_DEFINITIONS = (
					"DEBUG=1",
					"$(inherited)",
				);
				GCC_WARN_64_TO_32_BIT_CONVERSION = YES;
				GCC_WARN_ABOUT_RETURN_TYPE = YES_ERROR;
				GCC_WARN_UNDECLARED_SELECTOR = YES;
				GCC_WARN_UNINITIALIZED_AUTOS = YES_AGGRESSIVE;
				GCC_WARN_UNUSED_FUNCTION = YES;
				GCC_WARN_UNUSED_VARIABLE = YES;
				IPHONEOS_DEPLOYMENT_TARGET = 9.3;
				MTL_ENABLE_DEBUG_INFO = YES;
				ONLY_ACTIVE_ARCH = YES;
				SDKROOT = iphoneos;
				SWIFT_OPTIMIZATION_LEVEL = "-Onone";
				TARGETED_DEVICE_FAMILY = "1,2";
			};
			name = Debug;
		};
		6BE1D1961D9904AD001B19E0 /* Release */ = {
			isa = XCBuildConfiguration;
			buildSettings = {
				ALWAYS_SEARCH_USER_PATHS = NO;
				CLANG_ANALYZER_NONNULL = YES;
				CLANG_CXX_LANGUAGE_STANDARD = "gnu++0x";
				CLANG_CXX_LIBRARY = "libc++";
				CLANG_ENABLE_MODULES = YES;
				CLANG_ENABLE_OBJC_ARC = YES;
				CLANG_WARN_BOOL_CONVERSION = YES;
				CLANG_WARN_CONSTANT_CONVERSION = YES;
				CLANG_WARN_DIRECT_OBJC_ISA_USAGE = YES_ERROR;
				CLANG_WARN_EMPTY_BODY = YES;
				CLANG_WARN_ENUM_CONVERSION = YES;
				CLANG_WARN_INT_CONVERSION = YES;
				CLANG_WARN_OBJC_ROOT_CLASS = YES_ERROR;
				CLANG_WARN_UNREACHABLE_CODE = YES;
				CLANG_WARN__DUPLICATE_METHOD_MATCH = YES;
				"CODE_SIGN_IDENTITY[sdk=iphoneos*]" = "iPhone Developer";
				COPY_PHASE_STRIP = NO;
				DEBUG_INFORMATION_FORMAT = "dwarf-with-dsym";
				ENABLE_NS_ASSERTIONS = NO;
				ENABLE_STRICT_OBJC_MSGSEND = YES;
				GCC_C_LANGUAGE_STANDARD = gnu99;
				GCC_NO_COMMON_BLOCKS = YES;
				GCC_WARN_64_TO_32_BIT_CONVERSION = YES;
				GCC_WARN_ABOUT_RETURN_TYPE = YES_ERROR;
				GCC_WARN_UNDECLARED_SELECTOR = YES;
				GCC_WARN_UNINITIALIZED_AUTOS = YES_AGGRESSIVE;
				GCC_WARN_UNUSED_FUNCTION = YES;
				GCC_WARN_UNUSED_VARIABLE = YES;
				IPHONEOS_DEPLOYMENT_TARGET = 9.3;
				MTL_ENABLE_DEBUG_INFO = NO;
				SDKROOT = iphoneos;
				TARGETED_DEVICE_FAMILY = "1,2";
				VALIDATE_PRODUCT = YES;
			};
			name = Release;
		};
		6BE1D1981D9904AD001B19E0 /* Debug */ = {
			isa = XCBuildConfiguration;
			baseConfigurationReference = 5DAC296C625582959AC9C180 /* Pods-TRUEST.debug.xcconfig */;
			buildSettings = {
				ASSETCATALOG_COMPILER_APPICON_NAME = AppIcon;
				CODE_SIGN_IDENTITY = "iPhone Developer";
				"CODE_SIGN_IDENTITY[sdk=iphoneos*]" = "iPhone Developer";
				FRAMEWORK_SEARCH_PATHS = (
					"$(inherited)",
					"$(PROJECT_DIR)",
					/Users/michaelrevlis/Desktop/Developer/FacebookSDK,
				);
				INFOPLIST_FILE = TRUEST/Info.plist;
				LD_RUNPATH_SEARCH_PATHS = "$(inherited) @executable_path/Frameworks";
				PRODUCT_BUNDLE_IDENTIFIER = appworksschool.prelecture.demo.TRUEST;
				PRODUCT_NAME = "$(TARGET_NAME)";
				PROVISIONING_PROFILE = "";
			};
			name = Debug;
		};
		6BE1D1991D9904AD001B19E0 /* Release */ = {
			isa = XCBuildConfiguration;
			baseConfigurationReference = CF29872BA91A898FE8E06FB7 /* Pods-TRUEST.release.xcconfig */;
			buildSettings = {
				ASSETCATALOG_COMPILER_APPICON_NAME = AppIcon;
				CODE_SIGN_IDENTITY = "iPhone Developer";
				"CODE_SIGN_IDENTITY[sdk=iphoneos*]" = "iPhone Developer";
				FRAMEWORK_SEARCH_PATHS = (
					"$(inherited)",
					"$(PROJECT_DIR)",
					/Users/michaelrevlis/Desktop/Developer/FacebookSDK,
				);
				INFOPLIST_FILE = TRUEST/Info.plist;
				LD_RUNPATH_SEARCH_PATHS = "$(inherited) @executable_path/Frameworks";
				PRODUCT_BUNDLE_IDENTIFIER = appworksschool.prelecture.demo.TRUEST;
				PRODUCT_NAME = "$(TARGET_NAME)";
				PROVISIONING_PROFILE = "";
			};
			name = Release;
		};
/* End XCBuildConfiguration section */

/* Begin XCConfigurationList section */
		6BE1D17D1D9904AD001B19E0 /* Build configuration list for PBXProject "TRUEST" */ = {
			isa = XCConfigurationList;
			buildConfigurations = (
				6BE1D1951D9904AD001B19E0 /* Debug */,
				6BE1D1961D9904AD001B19E0 /* Release */,
			);
			defaultConfigurationIsVisible = 0;
			defaultConfigurationName = Release;
		};
		6BE1D1971D9904AD001B19E0 /* Build configuration list for PBXNativeTarget "TRUEST" */ = {
			isa = XCConfigurationList;
			buildConfigurations = (
				6BE1D1981D9904AD001B19E0 /* Debug */,
				6BE1D1991D9904AD001B19E0 /* Release */,
			);
			defaultConfigurationIsVisible = 0;
			defaultConfigurationName = Release;
		};
/* End XCConfigurationList section */

/* Begin XCVersionGroup section */
		6BE1D18C1D9904AD001B19E0 /* TRUEST.xcdatamodeld */ = {
			isa = XCVersionGroup;
			children = (
				6BE1D18D1D9904AD001B19E0 /* TRUEST.xcdatamodel */,
			);
			currentVersion = 6BE1D18D1D9904AD001B19E0 /* TRUEST.xcdatamodel */;
			path = TRUEST.xcdatamodeld;
			sourceTree = "<group>";
			versionGroupType = wrapper.xcdatamodel;
		};
/* End XCVersionGroup section */
	};
	rootObject = 6BE1D17A1D9904AD001B19E0 /* Project object */;
}
